
Microsoft Visual Studio Solution File, Format Version 12.00
# Visual Studio 14
VisualStudioVersion = 14.0.25420.1
MinimumVisualStudioVersion = 10.0.40219.1
Project("{FAE04EC0-301F-11D3-BF4B-00C04F79EFBC}") = "Constructor", "Constructor\Constructor.csproj", "{DCB66640-4B7C-4735-8089-8F5B36243E43}"
EndProject
Global
	GlobalSection(SolutionConfigurationPlatforms) = preSolution
		Debug|Any CPU = Debug|Any CPU
		Release|Any CPU = Release|Any CPU
	EndGlobalSection
	GlobalSection(ProjectConfigurationPlatforms) = postSolution
		{DCB66640-4B7C-4735-8089-8F5B36243E43}.Debug|Any CPU.ActiveCfg = Debug|Any CPU
		{DCB66640-4B7C-4735-8089-8F5B36243E43}.Debug|Any CPU.Build.0 = Debug|Any CPU
		{DCB66640-4B7C-4735-8089-8F5B36243E43}.Release|Any CPU.ActiveCfg = Release|Any CPU
		{DCB66640-4B7C-4735-8089-8F5B36243E43}.Release|Any CPU.Build.0 = Release|Any CPU
	EndGlobalSection
	GlobalSection(SolutionProperties) = preSolution
		HideSolutionNode = FALSE
	EndGlobalSection
EndGlobal
